
Microsoft Visual Studio Solution File, Format Version 12.00
# Visual Studio 14
VisualStudioVersion = 14.0.25420.1
MinimumVisualStudioVersion = 10.0.40219.1
Project("{FAE04EC0-301F-11D3-BF4B-00C04F79EFBC}") = "NewTechTask", "NewTechTask\NewTechTask.csproj", "{45E465AF-4172-4C32-87F7-02E25576BC1C}"
EndProject
Project("{FAE04EC0-301F-11D3-BF4B-00C04F79EFBC}") = "DBModel", "DBModel\DBModel.csproj", "{F260ADCE-9FFF-4833-B59B-74FF9DF8C6E4}"
EndProject
Global
	GlobalSection(SolutionConfigurationPlatforms) = preSolution
		Debug|Any CPU = Debug|Any CPU
		Release|Any CPU = Release|Any CPU
	EndGlobalSection
	GlobalSection(ProjectConfigurationPlatforms) = postSolution
		{45E465AF-4172-4C32-87F7-02E25576BC1C}.Debug|Any CPU.ActiveCfg = Debug|Any CPU
		{45E465AF-4172-4C32-87F7-02E25576BC1C}.Debug|Any CPU.Build.0 = Debug|Any CPU
		{45E465AF-4172-4C32-87F7-02E25576BC1C}.Release|Any CPU.ActiveCfg = Release|Any CPU
		{45E465AF-4172-4C32-87F7-02E25576BC1C}.Release|Any CPU.Build.0 = Release|Any CPU
		{F260ADCE-9FFF-4833-B59B-74FF9DF8C6E4}.Debug|Any CPU.ActiveCfg = Debug|Any CPU
		{F260ADCE-9FFF-4833-B59B-74FF9DF8C6E4}.Debug|Any CPU.Build.0 = Debug|Any CPU
		{F260ADCE-9FFF-4833-B59B-74FF9DF8C6E4}.Release|Any CPU.ActiveCfg = Release|Any CPU
		{F260ADCE-9FFF-4833-B59B-74FF9DF8C6E4}.Release|Any CPU.Build.0 = Release|Any CPU
	EndGlobalSection
	GlobalSection(SolutionProperties) = preSolution
		HideSolutionNode = FALSE
	EndGlobalSection
EndGlobal
